{
  "name": "room-one-voice",
  "lockfileVersion": 3,
  "requires": true,
  "packages": {
    "": {
      "name": "room-one-voice",
      "dependencies": {
        "codex-component": "github:Atsu-Taiyo/codex-component#430c25ff4d77e7400ff379603b452f8417df45bb"
      }
    },
    "node_modules/codex-component": {
      "version": "0.3.0",
      "resolved": "git+ssh://git@github.com/Atsu-Taiyo/codex-component.git#430c25ff4d77e7400ff379603b452f8417df45bb",
      "integrity": "sha512-GBjGf0Dd1HoLwF0YLX79P0lvyn4rD9K1p++5qRrP0XHoLt+holiC92Jxa1LdD847UWErcf9TkYoMRC++/ypk5g==",
      "license": "MIT",
      "bin": {
        "codex-component": "dist/cli.js"
      },
      "engines": {
        "node": ">=22"
      },
      "peerDependencies": {
        "react": "^18.2.0 || ^19.0.0"
      },
      "peerDependenciesMeta": {
        "react": {
          "optional": true
        }
      }
    }
  }
}
